
Microsoft Visual Studio Solution File, Format Version 12.00
# Visual Studio Version 16
VisualStudioVersion = 16.0.32929.386
MinimumVisualStudioVersion = 10.0.40219.1
Project("{FAE04EC0-301F-11D3-BF4B-00C04F79EFBC}") = "TTA Student Daily Report", "TTA Student Daily Report\TTA Student Daily Report.csproj", "{C77093BA-51DD-4CE8-BC35-CCE1342E5A01}"
EndProject
Global
	GlobalSection(SolutionConfigurationPlatforms) = preSolution
		Debug|Any CPU = Debug|Any CPU
		Release|Any CPU = Release|Any CPU
	EndGlobalSection
	GlobalSection(ProjectConfigurationPlatforms) = postSolution
		{C77093BA-51DD-4CE8-BC35-CCE1342E5A01}.Debug|Any CPU.ActiveCfg = Debug|Any CPU
		{C77093BA-51DD-4CE8-BC35-CCE1342E5A01}.Debug|Any CPU.Build.0 = Debug|Any CPU
		{C77093BA-51DD-4CE8-BC35-CCE1342E5A01}.Release|Any CPU.ActiveCfg = Release|Any CPU
		{C77093BA-51DD-4CE8-BC35-CCE1342E5A01}.Release|Any CPU.Build.0 = Release|Any CPU
	EndGlobalSection
	GlobalSection(SolutionProperties) = preSolution
		HideSolutionNode = FALSE
	EndGlobalSection
	GlobalSection(ExtensibilityGlobals) = postSolution
		SolutionGuid = {0A479008-CF15-432C-8E51-B7493F98E00D}
	EndGlobalSection
EndGlobal
