
Microsoft Visual Studio Solution File, Format Version 12.00
# Visual Studio Version 16
VisualStudioVersion = 16.0.32929.386
MinimumVisualStudioVersion = 10.0.40219.1
Project("{FAE04EC0-301F-11D3-BF4B-00C04F79EFBC}") = "Intro to Web Forms", "Intro to Web Forms\Intro to Web Forms.csproj", "{573AADAC-35FF-4848-B29C-0D9BD699ABDB}"
EndProject
Global
	GlobalSection(SolutionConfigurationPlatforms) = preSolution
		Debug|Any CPU = Debug|Any CPU
		Release|Any CPU = Release|Any CPU
	EndGlobalSection
	GlobalSection(ProjectConfigurationPlatforms) = postSolution
		{573AADAC-35FF-4848-B29C-0D9BD699ABDB}.Debug|Any CPU.ActiveCfg = Debug|Any CPU
		{573AADAC-35FF-4848-B29C-0D9BD699ABDB}.Debug|Any CPU.Build.0 = Debug|Any CPU
		{573AADAC-35FF-4848-B29C-0D9BD699ABDB}.Release|Any CPU.ActiveCfg = Release|Any CPU
		{573AADAC-35FF-4848-B29C-0D9BD699ABDB}.Release|Any CPU.Build.0 = Release|Any CPU
	EndGlobalSection
	GlobalSection(SolutionProperties) = preSolution
		HideSolutionNode = FALSE
	EndGlobalSection
	GlobalSection(ExtensibilityGlobals) = postSolution
		SolutionGuid = {5B149BC0-4AC3-4AC3-8E79-364CB28DC780}
	EndGlobalSection
EndGlobal
