
Microsoft Visual Studio Solution File, Format Version 12.00
# Visual Studio Version 16
VisualStudioVersion = 16.0.32929.386
MinimumVisualStudioVersion = 10.0.40219.1
Project("{FAE04EC0-301F-11D3-BF4B-00C04F79EFBC}") = "Parsing Enums Assignment", "Parsing Enums Assignment\Parsing Enums Assignment.csproj", "{09ECE6F1-0A22-40FD-AC55-9C65C5F54226}"
EndProject
Global
	GlobalSection(SolutionConfigurationPlatforms) = preSolution
		Debug|Any CPU = Debug|Any CPU
		Release|Any CPU = Release|Any CPU
	EndGlobalSection
	GlobalSection(ProjectConfigurationPlatforms) = postSolution
		{09ECE6F1-0A22-40FD-AC55-9C65C5F54226}.Debug|Any CPU.ActiveCfg = Debug|Any CPU
		{09ECE6F1-0A22-40FD-AC55-9C65C5F54226}.Debug|Any CPU.Build.0 = Debug|Any CPU
		{09ECE6F1-0A22-40FD-AC55-9C65C5F54226}.Release|Any CPU.ActiveCfg = Release|Any CPU
		{09ECE6F1-0A22-40FD-AC55-9C65C5F54226}.Release|Any CPU.Build.0 = Release|Any CPU
	EndGlobalSection
	GlobalSection(SolutionProperties) = preSolution
		HideSolutionNode = FALSE
	EndGlobalSection
	GlobalSection(ExtensibilityGlobals) = postSolution
		SolutionGuid = {DC79B513-C1A0-436C-B6DA-871CEEA1A8F7}
	EndGlobalSection
EndGlobal
