
Microsoft Visual Studio Solution File, Format Version 12.00
# Visual Studio Version 16
VisualStudioVersion = 16.0.32929.386
MinimumVisualStudioVersion = 10.0.40219.1
Project("{FAE04EC0-301F-11D3-BF4B-00C04F79EFBC}") = "Method Class Assignment", "Method Class Assignment\Method Class Assignment.csproj", "{D4746081-0153-4C19-83D4-BE219C2991D5}"
EndProject
Global
	GlobalSection(SolutionConfigurationPlatforms) = preSolution
		Debug|Any CPU = Debug|Any CPU
		Release|Any CPU = Release|Any CPU
	EndGlobalSection
	GlobalSection(ProjectConfigurationPlatforms) = postSolution
		{D4746081-0153-4C19-83D4-BE219C2991D5}.Debug|Any CPU.ActiveCfg = Debug|Any CPU
		{D4746081-0153-4C19-83D4-BE219C2991D5}.Debug|Any CPU.Build.0 = Debug|Any CPU
		{D4746081-0153-4C19-83D4-BE219C2991D5}.Release|Any CPU.ActiveCfg = Release|Any CPU
		{D4746081-0153-4C19-83D4-BE219C2991D5}.Release|Any CPU.Build.0 = Release|Any CPU
	EndGlobalSection
	GlobalSection(SolutionProperties) = preSolution
		HideSolutionNode = FALSE
	EndGlobalSection
	GlobalSection(ExtensibilityGlobals) = postSolution
		SolutionGuid = {DA8A3DDF-D3B5-4F6D-8A94-43B959BA503F}
	EndGlobalSection
EndGlobal
