
Microsoft Visual Studio Solution File, Format Version 12.00
# Visual Studio Version 16
VisualStudioVersion = 16.0.32929.386
MinimumVisualStudioVersion = 10.0.40219.1
Project("{FAE04EC0-301F-11D3-BF4B-00C04F79EFBC}") = "Lambda Assignment", "Lambda Assignment\Lambda Assignment.csproj", "{F34633F4-D55B-479F-8237-A1FC8A574230}"
EndProject
Global
	GlobalSection(SolutionConfigurationPlatforms) = preSolution
		Debug|Any CPU = Debug|Any CPU
		Release|Any CPU = Release|Any CPU
	EndGlobalSection
	GlobalSection(ProjectConfigurationPlatforms) = postSolution
		{F34633F4-D55B-479F-8237-A1FC8A574230}.Debug|Any CPU.ActiveCfg = Debug|Any CPU
		{F34633F4-D55B-479F-8237-A1FC8A574230}.Debug|Any CPU.Build.0 = Debug|Any CPU
		{F34633F4-D55B-479F-8237-A1FC8A574230}.Release|Any CPU.ActiveCfg = Release|Any CPU
		{F34633F4-D55B-479F-8237-A1FC8A574230}.Release|Any CPU.Build.0 = Release|Any CPU
	EndGlobalSection
	GlobalSection(SolutionProperties) = preSolution
		HideSolutionNode = FALSE
	EndGlobalSection
	GlobalSection(ExtensibilityGlobals) = postSolution
		SolutionGuid = {95A33677-7F9F-41FD-8A71-835A8886903C}
	EndGlobalSection
EndGlobal
