
Microsoft Visual Studio Solution File, Format Version 12.00
# Visual Studio Version 16
VisualStudioVersion = 16.0.32929.386
MinimumVisualStudioVersion = 10.0.40219.1
Project("{FAE04EC0-301F-11D3-BF4B-00C04F79EFBC}") = "BooleanLogic", "BooleanLogic\BooleanLogic.csproj", "{78448FF5-FB2C-42FC-A2BF-5C09C9D9A452}"
EndProject
Global
	GlobalSection(SolutionConfigurationPlatforms) = preSolution
		Debug|Any CPU = Debug|Any CPU
		Release|Any CPU = Release|Any CPU
	EndGlobalSection
	GlobalSection(ProjectConfigurationPlatforms) = postSolution
		{78448FF5-FB2C-42FC-A2BF-5C09C9D9A452}.Debug|Any CPU.ActiveCfg = Debug|Any CPU
		{78448FF5-FB2C-42FC-A2BF-5C09C9D9A452}.Debug|Any CPU.Build.0 = Debug|Any CPU
		{78448FF5-FB2C-42FC-A2BF-5C09C9D9A452}.Release|Any CPU.ActiveCfg = Release|Any CPU
		{78448FF5-FB2C-42FC-A2BF-5C09C9D9A452}.Release|Any CPU.Build.0 = Release|Any CPU
	EndGlobalSection
	GlobalSection(SolutionProperties) = preSolution
		HideSolutionNode = FALSE
	EndGlobalSection
	GlobalSection(ExtensibilityGlobals) = postSolution
		SolutionGuid = {E2875CC2-FE06-4061-A0AB-25D017FD2CC0}
	EndGlobalSection
EndGlobal
