
Microsoft Visual Studio Solution File, Format Version 12.00
# Visual Studio Version 16
VisualStudioVersion = 16.0.32929.386
MinimumVisualStudioVersion = 10.0.40219.1
Project("{FAE04EC0-301F-11D3-BF4B-00C04F79EFBC}") = "Method Assignment", "Method Assignment\Method Assignment.csproj", "{3C5BC40D-BE31-43A9-B8CF-46A2688DC03F}"
EndProject
Global
	GlobalSection(SolutionConfigurationPlatforms) = preSolution
		Debug|Any CPU = Debug|Any CPU
		Release|Any CPU = Release|Any CPU
	EndGlobalSection
	GlobalSection(ProjectConfigurationPlatforms) = postSolution
		{3C5BC40D-BE31-43A9-B8CF-46A2688DC03F}.Debug|Any CPU.ActiveCfg = Debug|Any CPU
		{3C5BC40D-BE31-43A9-B8CF-46A2688DC03F}.Debug|Any CPU.Build.0 = Debug|Any CPU
		{3C5BC40D-BE31-43A9-B8CF-46A2688DC03F}.Release|Any CPU.ActiveCfg = Release|Any CPU
		{3C5BC40D-BE31-43A9-B8CF-46A2688DC03F}.Release|Any CPU.Build.0 = Release|Any CPU
	EndGlobalSection
	GlobalSection(SolutionProperties) = preSolution
		HideSolutionNode = FALSE
	EndGlobalSection
	GlobalSection(ExtensibilityGlobals) = postSolution
		SolutionGuid = {76D2BFB3-0E25-48D5-B5F4-3BEA19942FC9}
	EndGlobalSection
EndGlobal
