
Microsoft Visual Studio Solution File, Format Version 12.00
# Visual Studio Version 16
VisualStudioVersion = 16.0.32929.386
MinimumVisualStudioVersion = 10.0.40219.1
Project("{FAE04EC0-301F-11D3-BF4B-00C04F79EFBC}") = "String Assignment", "String Assignment\String Assignment.csproj", "{9EFEC978-0C7D-487D-A1BE-C8A4B599D2CE}"
EndProject
Global
	GlobalSection(SolutionConfigurationPlatforms) = preSolution
		Debug|Any CPU = Debug|Any CPU
		Release|Any CPU = Release|Any CPU
	EndGlobalSection
	GlobalSection(ProjectConfigurationPlatforms) = postSolution
		{9EFEC978-0C7D-487D-A1BE-C8A4B599D2CE}.Debug|Any CPU.ActiveCfg = Debug|Any CPU
		{9EFEC978-0C7D-487D-A1BE-C8A4B599D2CE}.Debug|Any CPU.Build.0 = Debug|Any CPU
		{9EFEC978-0C7D-487D-A1BE-C8A4B599D2CE}.Release|Any CPU.ActiveCfg = Release|Any CPU
		{9EFEC978-0C7D-487D-A1BE-C8A4B599D2CE}.Release|Any CPU.Build.0 = Release|Any CPU
	EndGlobalSection
	GlobalSection(SolutionProperties) = preSolution
		HideSolutionNode = FALSE
	EndGlobalSection
	GlobalSection(ExtensibilityGlobals) = postSolution
		SolutionGuid = {760B8EAC-BCC1-4F23-85BF-0CB47E4E95DA}
	EndGlobalSection
EndGlobal
